
Microsoft Visual Studio Solution File, Format Version 12.00
# Visual Studio Version 17
VisualStudioVersion = 17.3.32825.248
MinimumVisualStudioVersion = 10.0.40219.1
Project("{9A19103F-16F7-4668-BE54-9A1E7A4F7556}") = "Pratice-AF Core", "Pratice-AF Core\Pratice-AF Core.csproj", "{7E293770-DC34-42B3-81E5-9673FB63DBEE}"
EndProject
Global
	GlobalSection(SolutionConfigurationPlatforms) = preSolution
		Debug|Any CPU = Debug|Any CPU
		Release|Any CPU = Release|Any CPU
	EndGlobalSection
	GlobalSection(ProjectConfigurationPlatforms) = postSolution
		{7E293770-DC34-42B3-81E5-9673FB63DBEE}.Debug|Any CPU.ActiveCfg = Debug|Any CPU
		{7E293770-DC34-42B3-81E5-9673FB63DBEE}.Debug|Any CPU.Build.0 = Debug|Any CPU
		{7E293770-DC34-42B3-81E5-9673FB63DBEE}.Release|Any CPU.ActiveCfg = Release|Any CPU
		{7E293770-DC34-42B3-81E5-9673FB63DBEE}.Release|Any CPU.Build.0 = Release|Any CPU
	EndGlobalSection
	GlobalSection(SolutionProperties) = preSolution
		HideSolutionNode = FALSE
	EndGlobalSection
	GlobalSection(ExtensibilityGlobals) = postSolution
		SolutionGuid = {A6111025-127B-4713-B8DA-B6DB0FBA6837}
	EndGlobalSection
EndGlobal
